
Microsoft Visual Studio Solution File, Format Version 12.00
Project("{FAE04EC0-301F-11D3-BF4B-00C04F79EFBC}") = "ExcelCompiler.Cli", "ExcelCompiler.Cli\ExcelCompiler.Cli.csproj", "{6FD6BE41-054B-4942-A36F-4A167440CDFD}"
EndProject
Project("{FAE04EC0-301F-11D3-BF4B-00C04F79EFBC}") = "ExcelCompiler.Representations", "ExcelCompiler.Representations\ExcelCompiler.Representations.csproj", "{276B59DA-8AA5-486A-9B28-4BDAAA3A9B5F}"
EndProject
Project("{FAE04EC0-301F-11D3-BF4B-00C04F79EFBC}") = "ExcelCompiler.Generators", "ExcelCompiler.Generators\ExcelCompiler.Generators.csproj", "{81358BC2-102C-49B2-8B29-653021D2F728}"
EndProject
Project("{FAE04EC0-301F-11D3-BF4B-00C04F79EFBC}") = "ExcelCompiler.Passes", "ExcelCompiler.Passes\ExcelCompiler.Passes.csproj", "{D943DAE8-9D69-417B-A73A-3D32F19C5316}"
EndProject
Project("{2150E333-8FDC-42A3-9474-1A3956D46DE8}") = "Test", "Test", "{5740070A-618B-40C0-AB86-AA1BCDC2BC5C}"
EndProject
Project("{FAE04EC0-301F-11D3-BF4B-00C04F79EFBC}") = "ExcelCompiler", "ExcelCompiler.GeneratedProject\ExcelCompiler.csproj", "{45AE20E7-F61D-4C4A-A928-C63CEFE1E974}"
EndProject
Project("{FAE04EC0-301F-11D3-BF4B-00C04F79EFBC}") = "ExcelCompiler.GeneratedProjectRunner", "ExcelCompiler.GeneratedProjectRunner\ExcelCompiler.GeneratedProjectRunner.csproj", "{CF72AFBE-0F5B-405B-A117-68E28CA5484D}"
EndProject
Project("{FAE04EC0-301F-11D3-BF4B-00C04F79EFBC}") = "ExcelTester", "ExcelTester\ExcelTester.csproj", "{07B1670C-EFB7-496E-8A21-0948A0603367}"
EndProject
Project("{FAE04EC0-301F-11D3-BF4B-00C04F79EFBC}") = "ExcelCompiler.Evaluation", "ExcelCompiler.Evaluation\ExcelCompiler.Evaluation.csproj", "{9CA61FD3-6590-47FD-B7C1-7709939BC5DF}"
EndProject
Global
	GlobalSection(SolutionConfigurationPlatforms) = preSolution
		Debug|Any CPU = Debug|Any CPU
		Release|Any CPU = Release|Any CPU
	EndGlobalSection
	GlobalSection(ProjectConfigurationPlatforms) = postSolution
		{6FD6BE41-054B-4942-A36F-4A167440CDFD}.Debug|Any CPU.ActiveCfg = Debug|Any CPU
		{6FD6BE41-054B-4942-A36F-4A167440CDFD}.Debug|Any CPU.Build.0 = Debug|Any CPU
		{6FD6BE41-054B-4942-A36F-4A167440CDFD}.Release|Any CPU.ActiveCfg = Release|Any CPU
		{6FD6BE41-054B-4942-A36F-4A167440CDFD}.Release|Any CPU.Build.0 = Release|Any CPU
		{276B59DA-8AA5-486A-9B28-4BDAAA3A9B5F}.Debug|Any CPU.ActiveCfg = Debug|Any CPU
		{276B59DA-8AA5-486A-9B28-4BDAAA3A9B5F}.Debug|Any CPU.Build.0 = Debug|Any CPU
		{276B59DA-8AA5-486A-9B28-4BDAAA3A9B5F}.Release|Any CPU.ActiveCfg = Release|Any CPU
		{276B59DA-8AA5-486A-9B28-4BDAAA3A9B5F}.Release|Any CPU.Build.0 = Release|Any CPU
		{81358BC2-102C-49B2-8B29-653021D2F728}.Debug|Any CPU.ActiveCfg = Debug|Any CPU
		{81358BC2-102C-49B2-8B29-653021D2F728}.Debug|Any CPU.Build.0 = Debug|Any CPU
		{81358BC2-102C-49B2-8B29-653021D2F728}.Release|Any CPU.ActiveCfg = Release|Any CPU
		{81358BC2-102C-49B2-8B29-653021D2F728}.Release|Any CPU.Build.0 = Release|Any CPU
		{D943DAE8-9D69-417B-A73A-3D32F19C5316}.Debug|Any CPU.ActiveCfg = Debug|Any CPU
		{D943DAE8-9D69-417B-A73A-3D32F19C5316}.Debug|Any CPU.Build.0 = Debug|Any CPU
		{D943DAE8-9D69-417B-A73A-3D32F19C5316}.Release|Any CPU.ActiveCfg = Release|Any CPU
		{D943DAE8-9D69-417B-A73A-3D32F19C5316}.Release|Any CPU.Build.0 = Release|Any CPU
		{45AE20E7-F61D-4C4A-A928-C63CEFE1E974}.Debug|Any CPU.ActiveCfg = Debug|Any CPU
		{45AE20E7-F61D-4C4A-A928-C63CEFE1E974}.Debug|Any CPU.Build.0 = Debug|Any CPU
		{45AE20E7-F61D-4C4A-A928-C63CEFE1E974}.Release|Any CPU.ActiveCfg = Release|Any CPU
		{45AE20E7-F61D-4C4A-A928-C63CEFE1E974}.Release|Any CPU.Build.0 = Release|Any CPU
		{CF72AFBE-0F5B-405B-A117-68E28CA5484D}.Debug|Any CPU.ActiveCfg = Debug|Any CPU
		{CF72AFBE-0F5B-405B-A117-68E28CA5484D}.Debug|Any CPU.Build.0 = Debug|Any CPU
		{CF72AFBE-0F5B-405B-A117-68E28CA5484D}.Release|Any CPU.ActiveCfg = Release|Any CPU
		{CF72AFBE-0F5B-405B-A117-68E28CA5484D}.Release|Any CPU.Build.0 = Release|Any CPU
		{07B1670C-EFB7-496E-8A21-0948A0603367}.Debug|Any CPU.ActiveCfg = Debug|Any CPU
		{07B1670C-EFB7-496E-8A21-0948A0603367}.Debug|Any CPU.Build.0 = Debug|Any CPU
		{07B1670C-EFB7-496E-8A21-0948A0603367}.Release|Any CPU.ActiveCfg = Release|Any CPU
		{07B1670C-EFB7-496E-8A21-0948A0603367}.Release|Any CPU.Build.0 = Release|Any CPU
		{9CA61FD3-6590-47FD-B7C1-7709939BC5DF}.Debug|Any CPU.ActiveCfg = Debug|Any CPU
		{9CA61FD3-6590-47FD-B7C1-7709939BC5DF}.Debug|Any CPU.Build.0 = Debug|Any CPU
		{9CA61FD3-6590-47FD-B7C1-7709939BC5DF}.Release|Any CPU.ActiveCfg = Release|Any CPU
		{9CA61FD3-6590-47FD-B7C1-7709939BC5DF}.Release|Any CPU.Build.0 = Release|Any CPU
	EndGlobalSection
	GlobalSection(NestedProjects) = preSolution
		{45AE20E7-F61D-4C4A-A928-C63CEFE1E974} = {5740070A-618B-40C0-AB86-AA1BCDC2BC5C}
		{CF72AFBE-0F5B-405B-A117-68E28CA5484D} = {5740070A-618B-40C0-AB86-AA1BCDC2BC5C}
		{07B1670C-EFB7-496E-8A21-0948A0603367} = {5740070A-618B-40C0-AB86-AA1BCDC2BC5C}
		{9CA61FD3-6590-47FD-B7C1-7709939BC5DF} = {5740070A-618B-40C0-AB86-AA1BCDC2BC5C}
	EndGlobalSection
EndGlobal
